
Microsoft Visual Studio Solution File, Format Version 12.00
# Visual Studio Version 16
VisualStudioVersion = 16.0.29102.190
MinimumVisualStudioVersion = 10.0.40219.1
Project("{FAE04EC0-301F-11D3-BF4B-00C04F79EFBC}") = "Hyperpixel4Managed", "Hyperpixel4Managed\Hyperpixel4Managed.csproj", "{5A25C52F-EBBC-43E0-BA7C-A28E7959DF20}"
EndProject
Project("{FAE04EC0-301F-11D3-BF4B-00C04F79EFBC}") = "Hyperpixel4", "Hyperpixel4\Hyperpixel4.csproj", "{78C6FC21-71B7-49C5-88B5-AB5C52DC0927}"
EndProject
Global
	GlobalSection(SolutionConfigurationPlatforms) = preSolution
		Debug|Any CPU = Debug|Any CPU
		Release|Any CPU = Release|Any CPU
	EndGlobalSection
	GlobalSection(ProjectConfigurationPlatforms) = postSolution
		{5A25C52F-EBBC-43E0-BA7C-A28E7959DF20}.Debug|Any CPU.ActiveCfg = Debug|Any CPU
		{5A25C52F-EBBC-43E0-BA7C-A28E7959DF20}.Debug|Any CPU.Build.0 = Debug|Any CPU
		{5A25C52F-EBBC-43E0-BA7C-A28E7959DF20}.Release|Any CPU.ActiveCfg = Release|Any CPU
		{5A25C52F-EBBC-43E0-BA7C-A28E7959DF20}.Release|Any CPU.Build.0 = Release|Any CPU
		{78C6FC21-71B7-49C5-88B5-AB5C52DC0927}.Debug|Any CPU.ActiveCfg = Debug|Any CPU
		{78C6FC21-71B7-49C5-88B5-AB5C52DC0927}.Debug|Any CPU.Build.0 = Debug|Any CPU
		{78C6FC21-71B7-49C5-88B5-AB5C52DC0927}.Release|Any CPU.ActiveCfg = Release|Any CPU
		{78C6FC21-71B7-49C5-88B5-AB5C52DC0927}.Release|Any CPU.Build.0 = Release|Any CPU
	EndGlobalSection
	GlobalSection(SolutionProperties) = preSolution
		HideSolutionNode = FALSE
	EndGlobalSection
	GlobalSection(ExtensibilityGlobals) = postSolution
		SolutionGuid = {A4D2B1AD-C9B6-4362-A785-077D9DA56C89}
	EndGlobalSection
EndGlobal
